
Microsoft Visual Studio Solution File, Format Version 12.00
# Visual Studio Version 17
VisualStudioVersion = 17.0.31903.59
MinimumVisualStudioVersion = 10.0.40219.1
Project("{FAE04EC0-301F-11D3-BF4B-00C04F79EFBC}") = "Brain", "Brain\Brain.csproj", "{EB6C59CB-A920-4D76-8E8C-054A074E3364}"
EndProject
Project("{FAE04EC0-301F-11D3-BF4B-00C04F79EFBC}") = "Brain.UnitTests", "Brain.UnitTests\Brain.UnitTests.csproj", "{ED759117-FF9A-4A69-848D-FEB3EEDB508D}"
EndProject
Project("{FAE04EC0-301F-11D3-BF4B-00C04F79EFBC}") = "Brain.Console", "Brain.Console\Brain.Console.csproj", "{81703566-5BFB-4675-BCCF-AF792C27DD53}"
EndProject
Project("{2150E333-8FDC-42A3-9474-1A3956D46DE8}") = "sources", "sources", "{6AB95318-1395-4E87-AB46-B7A45F0CB595}"
EndProject
Project("{2150E333-8FDC-42A3-9474-1A3956D46DE8}") = "tests", "tests", "{CC1AAC21-4309-48C1-BEF4-79EA7E38EC67}"
EndProject
Global
	GlobalSection(SolutionConfigurationPlatforms) = preSolution
		Debug|Any CPU = Debug|Any CPU
		Release|Any CPU = Release|Any CPU
	EndGlobalSection
	GlobalSection(SolutionProperties) = preSolution
		HideSolutionNode = FALSE
	EndGlobalSection
	GlobalSection(ProjectConfigurationPlatforms) = postSolution
		{EB6C59CB-A920-4D76-8E8C-054A074E3364}.Debug|Any CPU.ActiveCfg = Debug|Any CPU
		{EB6C59CB-A920-4D76-8E8C-054A074E3364}.Debug|Any CPU.Build.0 = Debug|Any CPU
		{EB6C59CB-A920-4D76-8E8C-054A074E3364}.Release|Any CPU.ActiveCfg = Release|Any CPU
		{EB6C59CB-A920-4D76-8E8C-054A074E3364}.Release|Any CPU.Build.0 = Release|Any CPU
		{ED759117-FF9A-4A69-848D-FEB3EEDB508D}.Debug|Any CPU.ActiveCfg = Debug|Any CPU
		{ED759117-FF9A-4A69-848D-FEB3EEDB508D}.Debug|Any CPU.Build.0 = Debug|Any CPU
		{ED759117-FF9A-4A69-848D-FEB3EEDB508D}.Release|Any CPU.ActiveCfg = Release|Any CPU
		{ED759117-FF9A-4A69-848D-FEB3EEDB508D}.Release|Any CPU.Build.0 = Release|Any CPU
		{81703566-5BFB-4675-BCCF-AF792C27DD53}.Debug|Any CPU.ActiveCfg = Debug|Any CPU
		{81703566-5BFB-4675-BCCF-AF792C27DD53}.Debug|Any CPU.Build.0 = Debug|Any CPU
		{81703566-5BFB-4675-BCCF-AF792C27DD53}.Release|Any CPU.ActiveCfg = Release|Any CPU
		{81703566-5BFB-4675-BCCF-AF792C27DD53}.Release|Any CPU.Build.0 = Release|Any CPU
	EndGlobalSection
	GlobalSection(NestedProjects) = preSolution
		{EB6C59CB-A920-4D76-8E8C-054A074E3364} = {6AB95318-1395-4E87-AB46-B7A45F0CB595}
		{81703566-5BFB-4675-BCCF-AF792C27DD53} = {6AB95318-1395-4E87-AB46-B7A45F0CB595}
		{ED759117-FF9A-4A69-848D-FEB3EEDB508D} = {CC1AAC21-4309-48C1-BEF4-79EA7E38EC67}
	EndGlobalSection
EndGlobal
